Microsoft Visual Studio Solution File, Format Version 11.00
# Visual Studio 2008

Project("{ADB20ECD-2C0B-80D4-59B9-3ADC373D1096}") = "RUH Diabetes Project", "Assembly-CSharp.csproj", "{CF8C5DE7-2102-8D29-BBFE-593F08272269}"
EndProject
Project("{ADB20ECD-2C0B-80D4-59B9-3ADC373D1096}") = "RUH Diabetes Project", "Assembly-CSharp-Editor.csproj", "{32192570-F152-0976-BCA8-4B3E423A1BCB}"
EndProject
Global
	GlobalSection(SolutionConfigurationPlatforms) = preSolution
		Debug|Any CPU = Debug|Any CPU
		Release|Any CPU = Release|Any CPU
	EndGlobalSection
	GlobalSection(ProjectConfigurationPlatforms) = postSolution
		{CF8C5DE7-2102-8D29-BBFE-593F08272269}.Debug|Any CPU.ActiveCfg = Debug|Any CPU
		{CF8C5DE7-2102-8D29-BBFE-593F08272269}.Debug|Any CPU.Build.0 = Debug|Any CPU
		{CF8C5DE7-2102-8D29-BBFE-593F08272269}.Release|Any CPU.ActiveCfg = Release|Any CPU
		{CF8C5DE7-2102-8D29-BBFE-593F08272269}.Release|Any CPU.Build.0 = Release|Any CPU
		{32192570-F152-0976-BCA8-4B3E423A1BCB}.Debug|Any CPU.ActiveCfg = Debug|Any CPU
		{32192570-F152-0976-BCA8-4B3E423A1BCB}.Debug|Any CPU.Build.0 = Debug|Any CPU
		{32192570-F152-0976-BCA8-4B3E423A1BCB}.Release|Any CPU.ActiveCfg = Release|Any CPU
		{32192570-F152-0976-BCA8-4B3E423A1BCB}.Release|Any CPU.Build.0 = Release|Any CPU
	EndGlobalSection
	GlobalSection(SolutionProperties) = preSolution
		HideSolutionNode = FALSE
	EndGlobalSection
	GlobalSection(MonoDevelopProperties) = preSolution
		StartupItem = Assembly-CSharp.csproj
	EndGlobalSection
EndGlobal
